{
  "name": "frontend",
  "lockfileVersion": 3,
  "requires": true,
  "packages": {
    "": {
      "dependencies": {
        "expo-haptics": "^55.0.9"
      }
    },
    "node_modules/expo-haptics": {
      "version": "55.0.9",
      "resolved": "https://registry.npmjs.org/expo-haptics/-/expo-haptics-55.0.9.tgz",
      "integrity": "sha512-KCRyHr/uu4syXmoq3aIQ6ahuaX6FGtlPkWGlLlHJ836WF3nG+5+oCaCQiI7qMTpml+Tp/V/zP4ZaowM2KHgLNA==",
      "peerDependencies": {
        "expo": "*"
      }
    }
  }
}
